
Microsoft Visual Studio Solution File, Format Version 12.00
# Visual Studio 2013
VisualStudioVersion = 12.0.40629.0
MinimumVisualStudioVersion = 10.0.40219.1
Project("{B1E792BE-AA5F-4E3C-8C82-674BF9C0715B}") = "OnGantryRTC", "OnGantryRTC\OnGantryRTC.tsproj", "{5E0A8DE5-9A15-4D1B-87C7-2BD71631B61C}"
EndProject
Global
	GlobalSection(SolutionConfigurationPlatforms) = preSolution
		Debug|TwinCAT CE7 (ARMV7) = Debug|TwinCAT CE7 (ARMV7)
		Debug|TwinCAT RT (x64) = Debug|TwinCAT RT (x64)
		Debug|TwinCAT RT (x86) = Debug|TwinCAT RT (x86)
		Debug|TwinCAT UM (x64) = Debug|TwinCAT UM (x64)
		Debug|TwinCAT UM (x86) = Debug|TwinCAT UM (x86)
		Release|TwinCAT CE7 (ARMV7) = Release|TwinCAT CE7 (ARMV7)
		Release|TwinCAT RT (x64) = Release|TwinCAT RT (x64)
		Release|TwinCAT RT (x86) = Release|TwinCAT RT (x86)
		Release|TwinCAT UM (x64) = Release|TwinCAT UM (x64)
		Release|TwinCAT UM (x86) = Release|TwinCAT UM (x86)
	EndGlobalSection
	GlobalSection(ProjectConfigurationPlatforms) = postSolution
		{5E0A8DE5-9A15-4D1B-87C7-2BD71631B61C}.Debug|TwinCAT CE7 (ARMV7).ActiveCfg = Debug|TwinCAT CE7 (ARMV7)
		{5E0A8DE5-9A15-4D1B-87C7-2BD71631B61C}.Debug|TwinCAT CE7 (ARMV7).Build.0 = Debug|TwinCAT CE7 (ARMV7)
		{5E0A8DE5-9A15-4D1B-87C7-2BD71631B61C}.Debug|TwinCAT RT (x64).ActiveCfg = Debug|TwinCAT RT (x64)
		{5E0A8DE5-9A15-4D1B-87C7-2BD71631B61C}.Debug|TwinCAT RT (x64).Build.0 = Debug|TwinCAT RT (x64)
		{5E0A8DE5-9A15-4D1B-87C7-2BD71631B61C}.Debug|TwinCAT RT (x86).ActiveCfg = Debug|TwinCAT RT (x86)
		{5E0A8DE5-9A15-4D1B-87C7-2BD71631B61C}.Debug|TwinCAT RT (x86).Build.0 = Debug|TwinCAT RT (x86)
		{5E0A8DE5-9A15-4D1B-87C7-2BD71631B61C}.Debug|TwinCAT UM (x64).ActiveCfg = Debug|TwinCAT RT (x86)
		{5E0A8DE5-9A15-4D1B-87C7-2BD71631B61C}.Debug|TwinCAT UM (x86).ActiveCfg = Debug|TwinCAT RT (x86)
		{5E0A8DE5-9A15-4D1B-87C7-2BD71631B61C}.Release|TwinCAT CE7 (ARMV7).ActiveCfg = Release|TwinCAT CE7 (ARMV7)
		{5E0A8DE5-9A15-4D1B-87C7-2BD71631B61C}.Release|TwinCAT CE7 (ARMV7).Build.0 = Release|TwinCAT CE7 (ARMV7)
		{5E0A8DE5-9A15-4D1B-87C7-2BD71631B61C}.Release|TwinCAT RT (x64).ActiveCfg = Release|TwinCAT RT (x64)
		{5E0A8DE5-9A15-4D1B-87C7-2BD71631B61C}.Release|TwinCAT RT (x64).Build.0 = Release|TwinCAT RT (x64)
		{5E0A8DE5-9A15-4D1B-87C7-2BD71631B61C}.Release|TwinCAT RT (x86).ActiveCfg = Release|TwinCAT RT (x86)
		{5E0A8DE5-9A15-4D1B-87C7-2BD71631B61C}.Release|TwinCAT RT (x86).Build.0 = Release|TwinCAT RT (x86)
		{5E0A8DE5-9A15-4D1B-87C7-2BD71631B61C}.Release|TwinCAT UM (x64).ActiveCfg = Release|TwinCAT RT (x86)
		{5E0A8DE5-9A15-4D1B-87C7-2BD71631B61C}.Release|TwinCAT UM (x86).ActiveCfg = Release|TwinCAT RT (x86)
		{D7097CFA-E44C-485F-BDA6-03961A9E27DB}.Debug|TwinCAT CE7 (ARMV7).ActiveCfg = Debug|TwinCAT RT (x64)
		{D7097CFA-E44C-485F-BDA6-03961A9E27DB}.Debug|TwinCAT RT (x64).ActiveCfg = Debug|TwinCAT RT (x64)
		{D7097CFA-E44C-485F-BDA6-03961A9E27DB}.Debug|TwinCAT RT (x64).Build.0 = Debug|TwinCAT RT (x64)
		{D7097CFA-E44C-485F-BDA6-03961A9E27DB}.Debug|TwinCAT RT (x86).ActiveCfg = Debug|TwinCAT RT (x86)
		{D7097CFA-E44C-485F-BDA6-03961A9E27DB}.Debug|TwinCAT RT (x86).Build.0 = Debug|TwinCAT RT (x86)
		{D7097CFA-E44C-485F-BDA6-03961A9E27DB}.Debug|TwinCAT UM (x64).ActiveCfg = Debug|TwinCAT UM (x64)
		{D7097CFA-E44C-485F-BDA6-03961A9E27DB}.Debug|TwinCAT UM (x64).Build.0 = Debug|TwinCAT UM (x64)
		{D7097CFA-E44C-485F-BDA6-03961A9E27DB}.Debug|TwinCAT UM (x86).ActiveCfg = Debug|TwinCAT UM (x86)
		{D7097CFA-E44C-485F-BDA6-03961A9E27DB}.Debug|TwinCAT UM (x86).Build.0 = Debug|TwinCAT UM (x86)
		{D7097CFA-E44C-485F-BDA6-03961A9E27DB}.Release|TwinCAT CE7 (ARMV7).ActiveCfg = Release|TwinCAT RT (x64)
		{D7097CFA-E44C-485F-BDA6-03961A9E27DB}.Release|TwinCAT RT (x64).ActiveCfg = Release|TwinCAT RT (x64)
		{D7097CFA-E44C-485F-BDA6-03961A9E27DB}.Release|TwinCAT RT (x64).Build.0 = Release|TwinCAT RT (x64)
		{D7097CFA-E44C-485F-BDA6-03961A9E27DB}.Release|TwinCAT RT (x86).ActiveCfg = Release|TwinCAT RT (x86)
		{D7097CFA-E44C-485F-BDA6-03961A9E27DB}.Release|TwinCAT RT (x86).Build.0 = Release|TwinCAT RT (x86)
		{D7097CFA-E44C-485F-BDA6-03961A9E27DB}.Release|TwinCAT UM (x64).ActiveCfg = Release|TwinCAT UM (x64)
		{D7097CFA-E44C-485F-BDA6-03961A9E27DB}.Release|TwinCAT UM (x64).Build.0 = Release|TwinCAT UM (x64)
		{D7097CFA-E44C-485F-BDA6-03961A9E27DB}.Release|TwinCAT UM (x86).ActiveCfg = Release|TwinCAT UM (x86)
		{D7097CFA-E44C-485F-BDA6-03961A9E27DB}.Release|TwinCAT UM (x86).Build.0 = Release|TwinCAT UM (x86)
		{308D680B-D77F-4AD2-8D54-0D3FFEF6B119}.Debug|TwinCAT CE7 (ARMV7).ActiveCfg = Debug|TwinCAT CE7 (ARMV7)
		{308D680B-D77F-4AD2-8D54-0D3FFEF6B119}.Debug|TwinCAT CE7 (ARMV7).Build.0 = Debug|TwinCAT CE7 (ARMV7)
		{308D680B-D77F-4AD2-8D54-0D3FFEF6B119}.Debug|TwinCAT RT (x64).ActiveCfg = Debug|TwinCAT RT (x64)
		{308D680B-D77F-4AD2-8D54-0D3FFEF6B119}.Debug|TwinCAT RT (x64).Build.0 = Debug|TwinCAT RT (x64)
		{308D680B-D77F-4AD2-8D54-0D3FFEF6B119}.Debug|TwinCAT RT (x86).ActiveCfg = Debug|TwinCAT RT (x86)
		{308D680B-D77F-4AD2-8D54-0D3FFEF6B119}.Debug|TwinCAT RT (x86).Build.0 = Debug|TwinCAT RT (x86)
		{308D680B-D77F-4AD2-8D54-0D3FFEF6B119}.Debug|TwinCAT UM (x64).ActiveCfg = Debug|TwinCAT CE7 (ARMV7)
		{308D680B-D77F-4AD2-8D54-0D3FFEF6B119}.Debug|TwinCAT UM (x86).ActiveCfg = Debug|TwinCAT CE7 (ARMV7)
		{308D680B-D77F-4AD2-8D54-0D3FFEF6B119}.Release|TwinCAT CE7 (ARMV7).ActiveCfg = Release|TwinCAT CE7 (ARMV7)
		{308D680B-D77F-4AD2-8D54-0D3FFEF6B119}.Release|TwinCAT CE7 (ARMV7).Build.0 = Release|TwinCAT CE7 (ARMV7)
		{308D680B-D77F-4AD2-8D54-0D3FFEF6B119}.Release|TwinCAT RT (x64).ActiveCfg = Release|TwinCAT RT (x64)
		{308D680B-D77F-4AD2-8D54-0D3FFEF6B119}.Release|TwinCAT RT (x64).Build.0 = Release|TwinCAT RT (x64)
		{308D680B-D77F-4AD2-8D54-0D3FFEF6B119}.Release|TwinCAT RT (x86).ActiveCfg = Release|TwinCAT RT (x86)
		{308D680B-D77F-4AD2-8D54-0D3FFEF6B119}.Release|TwinCAT RT (x86).Build.0 = Release|TwinCAT RT (x86)
		{308D680B-D77F-4AD2-8D54-0D3FFEF6B119}.Release|TwinCAT UM (x64).ActiveCfg = Release|TwinCAT CE7 (ARMV7)
		{308D680B-D77F-4AD2-8D54-0D3FFEF6B119}.Release|TwinCAT UM (x86).ActiveCfg = Release|TwinCAT CE7 (ARMV7)
		{C8B54472-C644-4AE3-B2DB-616AF0D93EF6}.Debug|TwinCAT CE7 (ARMV7).ActiveCfg = Debug|TwinCAT RT (x64)
		{C8B54472-C644-4AE3-B2DB-616AF0D93EF6}.Debug|TwinCAT RT (x64).ActiveCfg = Debug|TwinCAT RT (x64)
		{C8B54472-C644-4AE3-B2DB-616AF0D93EF6}.Debug|TwinCAT RT (x64).Build.0 = Debug|TwinCAT RT (x64)
		{C8B54472-C644-4AE3-B2DB-616AF0D93EF6}.Debug|TwinCAT RT (x86).ActiveCfg = Debug|TwinCAT RT (x86)
		{C8B54472-C644-4AE3-B2DB-616AF0D93EF6}.Debug|TwinCAT RT (x86).Build.0 = Debug|TwinCAT RT (x86)
		{C8B54472-C644-4AE3-B2DB-616AF0D93EF6}.Debug|TwinCAT UM (x64).ActiveCfg = Debug|TwinCAT UM (x64)
		{C8B54472-C644-4AE3-B2DB-616AF0D93EF6}.Debug|TwinCAT UM (x64).Build.0 = Debug|TwinCAT UM (x64)
		{C8B54472-C644-4AE3-B2DB-616AF0D93EF6}.Debug|TwinCAT UM (x86).ActiveCfg = Debug|TwinCAT UM (x86)
		{C8B54472-C644-4AE3-B2DB-616AF0D93EF6}.Debug|TwinCAT UM (x86).Build.0 = Debug|TwinCAT UM (x86)
		{C8B54472-C644-4AE3-B2DB-616AF0D93EF6}.Release|TwinCAT CE7 (ARMV7).ActiveCfg = Release|TwinCAT RT (x64)
		{C8B54472-C644-4AE3-B2DB-616AF0D93EF6}.Release|TwinCAT RT (x64).ActiveCfg = Release|TwinCAT RT (x64)
		{C8B54472-C644-4AE3-B2DB-616AF0D93EF6}.Release|TwinCAT RT (x64).Build.0 = Release|TwinCAT RT (x64)
		{C8B54472-C644-4AE3-B2DB-616AF0D93EF6}.Release|TwinCAT RT (x86).ActiveCfg = Release|TwinCAT RT (x86)
		{C8B54472-C644-4AE3-B2DB-616AF0D93EF6}.Release|TwinCAT RT (x86).Build.0 = Release|TwinCAT RT (x86)
		{C8B54472-C644-4AE3-B2DB-616AF0D93EF6}.Release|TwinCAT UM (x64).ActiveCfg = Release|TwinCAT UM (x64)
		{C8B54472-C644-4AE3-B2DB-616AF0D93EF6}.Release|TwinCAT UM (x64).Build.0 = Release|TwinCAT UM (x64)
		{C8B54472-C644-4AE3-B2DB-616AF0D93EF6}.Release|TwinCAT UM (x86).ActiveCfg = Release|TwinCAT UM (x86)
		{C8B54472-C644-4AE3-B2DB-616AF0D93EF6}.Release|TwinCAT UM (x86).Build.0 = Release|TwinCAT UM (x86)
	EndGlobalSection
	GlobalSection(SolutionProperties) = preSolution
		HideSolutionNode = FALSE
	EndGlobalSection
EndGlobal
